<?xml version="1.0" encoding="utf-8"?>
<Project ToolsVersion="4.0" xmlns="http://schemas.microsoft.com/developer/msbuild/2003">
  <ItemGroup>
    <Filter Include="Resource Files">
      <UniqueIdentifier>{67DA6AB6-F800-4c08-8B7A-83BB121AAD01}</UniqueIdentifier>
      <Extensions>rc;ico;cur;bmp;dlg;rc2;rct;bin;rgs;gif;jpg;jpeg;jpe;resx;tiff;tif;png;wav;mfcribbon-ms</Extensions>
    </Filter>
  </ItemGroup>
  <ItemGroup>
    <ClInclude Include="Opcodes.h" />
    <ClInclude Include="Pimpl.h" />
    <ClInclude Include="PimplImpl.h" />
    <ClInclude Include="Registers.h" />
    <ClInclude Include="Types.h" />
    <ClInclude Include="Exception.h" />
    <ClInclude Include="BufferPtr.h" />
  </ItemGroup>
  <ItemGroup>
    <ClCompile Include="Opcodes.cpp" />
    <ClCompile Include="Registers.cpp" />
    <ClCompile Include="BufferPtr.cpp" />
  </ItemGroup>
</Project>